
Microsoft Visual Studio Solution File, Format Version 12.00
# Visual Studio Version 17
VisualStudioVersion = 17.14.36623.8 d17.14
MinimumVisualStudioVersion = 10.0.40219.1
Project("{FAE04EC0-301F-11D3-BF4B-00C04F79EFBC}") = "ConsoleApp10", "ConsoleApp10\ConsoleApp10.csproj", "{ABB71791-9C12-47B6-B5C8-5BA82FBCFDAD}"
EndProject
Global
	GlobalSection(SolutionConfigurationPlatforms) = preSolution
		Debug|Any CPU = Debug|Any CPU
		Release|Any CPU = Release|Any CPU
	EndGlobalSection
	GlobalSection(ProjectConfigurationPlatforms) = postSolution
		{ABB71791-9C12-47B6-B5C8-5BA82FBCFDAD}.Debug|Any CPU.ActiveCfg = Debug|Any CPU
		{ABB71791-9C12-47B6-B5C8-5BA82FBCFDAD}.Debug|Any CPU.Build.0 = Debug|Any CPU
		{ABB71791-9C12-47B6-B5C8-5BA82FBCFDAD}.Release|Any CPU.ActiveCfg = Release|Any CPU
		{ABB71791-9C12-47B6-B5C8-5BA82FBCFDAD}.Release|Any CPU.Build.0 = Release|Any CPU
	EndGlobalSection
	GlobalSection(SolutionProperties) = preSolution
		HideSolutionNode = FALSE
	EndGlobalSection
	GlobalSection(ExtensibilityGlobals) = postSolution
		SolutionGuid = {9734AA9A-9E30-44C6-940D-FA350089CBE9}
	EndGlobalSection
EndGlobal
